{
  "dependencies": {
    "local-ipv4-address": {
      "version": "0.0.1",
      "resolved": "https://registry.npmjs.org/local-ipv4-address/-/local-ipv4-address-0.0.1.tgz",
      "from": "local-ipv4-address@0.0.1"
    },
    "q": {
      "version": "1.5.0",
      "resolved": "https://registry.npmjs.org/q/-/q-1.5.0.tgz",
      "from": "q@1.5.0"
    }
  }
}
