{
  "dependencies": {
    "autoprefixer": {
      "version": "6.3.6",
      "resolved": "https://registry.npmjs.org/autoprefixer/-/autoprefixer-6.3.6.tgz",
      "from": "autoprefixer@6.3.6",
      "dependencies": {
        "browserslist": {
          "version": "1.3.1",
          "resolved": "https://registry.npmjs.org/browserslist/-/browserslist-1.3.1.tgz",
          "from": "browserslist@>=1.3.1 <1.4.0"
        },
        "caniuse-db": {
          "version": "1.0.30000470",
          "resolved": "https://registry.npmjs.org/caniuse-db/-/caniuse-db-1.0.30000470.tgz",
          "from": "caniuse-db@>=1.0.30000444 <2.0.0"
        },
        "normalize-range": {
          "version": "0.1.2",
          "resolved": "https://registry.npmjs.org/normalize-range/-/normalize-range-0.1.2.tgz",
          "from": "normalize-range@>=0.1.2 <0.2.0"
        },
        "num2fraction": {
          "version": "1.2.2",
          "resolved": "https://registry.npmjs.org/num2fraction/-/num2fraction-1.2.2.tgz",
          "from": "num2fraction@>=1.2.2 <2.0.0"
        },
        "postcss-value-parser": {
          "version": "3.3.0",
          "resolved": "https://registry.npmjs.org/postcss-value-parser/-/postcss-value-parser-3.3.0.tgz",
          "from": "postcss-value-parser@>=3.2.3 <4.0.0"
        }
      }
    },
    "postcss": {
      "version": "5.0.21",
      "resolved": "https://registry.npmjs.org/postcss/-/postcss-5.0.21.tgz",
      "from": "postcss@5.0.21",
      "dependencies": {
        "js-base64": {
          "version": "2.1.9",
          "resolved": "https://registry.npmjs.org/js-base64/-/js-base64-2.1.9.tgz",
          "from": "js-base64@>=2.1.9 <3.0.0"
        },
        "source-map": {
          "version": "0.5.6",
          "resolved": "https://registry.npmjs.org/source-map/-/source-map-0.5.6.tgz",
          "from": "source-map@>=0.5.5 <0.6.0"
        },
        "supports-color": {
          "version": "3.1.2",
          "resolved": "https://registry.npmjs.org/supports-color/-/supports-color-3.1.2.tgz",
          "from": "supports-color@>=3.1.2 <4.0.0",
          "dependencies": {
            "has-flag": {
              "version": "1.0.0",
              "resolved": "https://registry.npmjs.org/has-flag/-/has-flag-1.0.0.tgz",
              "from": "has-flag@>=1.0.0 <2.0.0"
            }
          }
        }
      }
    },
    "postcss-selector-parser": {
      "version": "2.0.0",
      "resolved": "https://registry.npmjs.org/postcss-selector-parser/-/postcss-selector-parser-2.0.0.tgz",
      "from": "postcss-selector-parser@2.0.0",
      "dependencies": {
        "flatten": {
          "version": "1.0.2",
          "resolved": "https://registry.npmjs.org/flatten/-/flatten-1.0.2.tgz",
          "from": "flatten@>=1.0.2 <2.0.0"
        },
        "indexes-of": {
          "version": "1.0.1",
          "resolved": "https://registry.npmjs.org/indexes-of/-/indexes-of-1.0.1.tgz",
          "from": "indexes-of@>=1.0.1 <2.0.0"
        },
        "uniq": {
          "version": "1.0.1",
          "resolved": "https://registry.npmjs.org/uniq/-/uniq-1.0.1.tgz",
          "from": "uniq@>=1.0.1 <2.0.0"
        }
      }
    }
  }
}
